
Microsoft Visual Studio Solution File, Format Version 12.00
# Visual Studio Version 17
VisualStudioVersion = 17.2.32616.157
MinimumVisualStudioVersion = 10.0.40219.1
Project("{FAE04EC0-301F-11D3-BF4B-00C04F79EFBC}") = "GraphQl.API", "GraphQl.API\GraphQl.API.csproj", "{613173F7-E0C0-47D5-8379-B9360B7B2BCC}"
EndProject
Global
	GlobalSection(SolutionConfigurationPlatforms) = preSolution
		Debug|Any CPU = Debug|Any CPU
		Release|Any CPU = Release|Any CPU
	EndGlobalSection
	GlobalSection(ProjectConfigurationPlatforms) = postSolution
		{613173F7-E0C0-47D5-8379-B9360B7B2BCC}.Debug|Any CPU.ActiveCfg = Debug|Any CPU
		{613173F7-E0C0-47D5-8379-B9360B7B2BCC}.Debug|Any CPU.Build.0 = Debug|Any CPU
		{613173F7-E0C0-47D5-8379-B9360B7B2BCC}.Release|Any CPU.ActiveCfg = Release|Any CPU
		{613173F7-E0C0-47D5-8379-B9360B7B2BCC}.Release|Any CPU.Build.0 = Release|Any CPU
	EndGlobalSection
	GlobalSection(SolutionProperties) = preSolution
		HideSolutionNode = FALSE
	EndGlobalSection
	GlobalSection(ExtensibilityGlobals) = postSolution
		SolutionGuid = {A0AEE3CD-8B70-4198-9FCE-0D238FF5E408}
	EndGlobalSection
EndGlobal
